<?xml version="1.0" encoding="utf-8"?>
<Project ToolsVersion="15.0" xmlns="http://schemas.microsoft.com/developer/msbuild/2003">
  <ItemGroup>
    <ClCompile Include="F:\NnguTasks\mp2-lab4-cluster\Cluster\gtest\gtest-all.cc">
      <Filter>Source Files</Filter>
    </ClCompile>
  </ItemGroup>
  <ItemGroup>
    <CustomBuild Include="F:\NnguTasks\mp2-lab4-cluster\Cluster\gtest\CMakeLists.txt" />
  </ItemGroup>
  <ItemGroup>
    <Filter Include="Source Files">
      <UniqueIdentifier>{F35A2156-4AD4-3F43-A8AD-F91FD46E9549}</UniqueIdentifier>
    </Filter>
  </ItemGroup>
</Project>
