<?xml version="1.0" encoding="utf-8"?>
<Project ToolsVersion="15.0" xmlns="http://schemas.microsoft.com/developer/msbuild/2003">
  <ItemGroup>
    <ClCompile Include="F:\NnguTasks\mp2-lab5-polynomas\Polynomas\Polynomas\Polynom.cpp">
      <Filter>Source Files</Filter>
    </ClCompile>
    <ClCompile Include="F:\NnguTasks\mp2-lab5-polynomas\Polynomas\Polynomas\sample.cpp">
      <Filter>Source Files</Filter>
    </ClCompile>
  </ItemGroup>
  <ItemGroup>
    <ClInclude Include="F:\NnguTasks\mp2-lab5-polynomas\Polynomas\Polynomas\List.h">
      <Filter>Header Files</Filter>
    </ClInclude>
    <ClInclude Include="F:\NnguTasks\mp2-lab5-polynomas\Polynomas\Polynomas\Monom.h">
      <Filter>Header Files</Filter>
    </ClInclude>
    <ClInclude Include="F:\NnguTasks\mp2-lab5-polynomas\Polynomas\Polynomas\Polynom.h">
      <Filter>Header Files</Filter>
    </ClInclude>
  </ItemGroup>
  <ItemGroup>
    <CustomBuild Include="F:\NnguTasks\mp2-lab5-polynomas\Polynomas\Polynomas\CMakeLists.txt" />
  </ItemGroup>
  <ItemGroup>
    <Filter Include="Header Files">
      <UniqueIdentifier>{EEE3B8BD-9244-3D13-8CF5-4E042E68F801}</UniqueIdentifier>
    </Filter>
    <Filter Include="Source Files">
      <UniqueIdentifier>{2907529F-F279-33CB-AE8B-8D601A63461E}</UniqueIdentifier>
    </Filter>
  </ItemGroup>
</Project>
